
Microsoft Visual Studio Solution File, Format Version 12.00
# Visual Studio 15
VisualStudioVersion = 15.0.26730.16
MinimumVisualStudioVersion = 10.0.40219.1
Project("{FAE04EC0-301F-11D3-BF4B-00C04F79EFBC}") = "D20Strategy", "D20Strategy\D20Strategy.csproj", "{272A57D7-8985-4BB1-A239-26DD3DA8961C}"
EndProject
Global
	GlobalSection(SolutionConfigurationPlatforms) = preSolution
		Debug|Any CPU = Debug|Any CPU
		Release|Any CPU = Release|Any CPU
	EndGlobalSection
	GlobalSection(ProjectConfigurationPlatforms) = postSolution
		{272A57D7-8985-4BB1-A239-26DD3DA8961C}.Debug|Any CPU.ActiveCfg = Debug|Any CPU
		{272A57D7-8985-4BB1-A239-26DD3DA8961C}.Debug|Any CPU.Build.0 = Debug|Any CPU
		{272A57D7-8985-4BB1-A239-26DD3DA8961C}.Release|Any CPU.ActiveCfg = Release|Any CPU
		{272A57D7-8985-4BB1-A239-26DD3DA8961C}.Release|Any CPU.Build.0 = Release|Any CPU
	EndGlobalSection
	GlobalSection(SolutionProperties) = preSolution
		HideSolutionNode = FALSE
	EndGlobalSection
	GlobalSection(ExtensibilityGlobals) = postSolution
		SolutionGuid = {967E5BC1-775F-4D8C-ACA4-1A30D2944A5E}
	EndGlobalSection
EndGlobal
